// !$*UTF8*$!
{
	archiveVersion = 1;
	classes = {
	};
	objectVersion = 55;
	objects = {

/* Begin PBXBuildFile section */
		C4CD136B27AB5BC0000E742B /* AppDelegate.swift in Sources */ = {isa = PBXBuildFile; fileRef = C4CD136A27AB5BC0000E742B /* AppDelegate.swift */; };
		C4CD136D27AB5BC0000E742B /* SceneDelegate.swift in Sources */ = {isa = PBXBuildFile; fileRef = C4CD136C27AB5BC0000E742B /* SceneDelegate.swift */; };
		C4CD136F27AB5BC0000E742B /* ViewController.swift in Sources */ = {isa = PBXBuildFile; fileRef = C4CD136E27AB5BC0000E742B /* ViewController.swift */; };
		C4CD137227AB5BC0000E742B /* Main.storyboard in Resources */ = {isa = PBXBuildFile; fileRef = C4CD137027AB5BC0000E742B /* Main.storyboard */; };
		C4CD137527AB5BC0000E742B /* Joke_Papago_MVP.xcdatamodeld in Sources */ = {isa = PBXBuildFile; fileRef = C4CD137327AB5BC0000E742B /* Joke_Papago_MVP.xcdatamodeld */; };
		C4CD137727AB5BC5000E742B /* Assets.xcassets in Resources */ = {isa = PBXBuildFile; fileRef = C4CD137627AB5BC5000E742B /* Assets.xcassets */; };
		C4CD137A27AB5BC5000E742B /* LaunchScreen.storyboard in Resources */ = {isa = PBXBuildFile; fileRef = C4CD137827AB5BC5000E742B /* LaunchScreen.storyboard */; };
		C4CD138527AB5BC5000E742B /* Joke_Papago_MVPTests.swift in Sources */ = {isa = PBXBuildFile; fileRef = C4CD138427AB5BC5000E742B /* Joke_Papago_MVPTests.swift */; };
		C4CD138F27AB5BC5000E742B /* Joke_Papago_MVPUITests.swift in Sources */ = {isa = PBXBuildFile; fileRef = C4CD138E27AB5BC5000E742B /* Joke_Papago_MVPUITests.swift */; };
		C4CD139127AB5BC5000E742B /* Joke_Papago_MVPUITestsLaunchTests.swift in Sources */ = {isa = PBXBuildFile; fileRef = C4CD139027AB5BC5000E742B /* Joke_Papago_MVPUITestsLaunchTests.swift */; };
/* End PBXBuildFile section */

/* Begin PBXContainerItemProxy section */
		C4CD138127AB5BC5000E742B /* PBXContainerItemProxy */ = {
			isa = PBXContainerItemProxy;
			containerPortal = C4CD135F27AB5BC0000E742B /* Project object */;
			proxyType = 1;
			remoteGlobalIDString = C4CD136627AB5BC0000E742B;
			remoteInfo = Joke_Papago_MVP;
		};
		C4CD138B27AB5BC5000E742B /* PBXContainerItemProxy */ = {
			isa = PBXContainerItemProxy;
			containerPortal = C4CD135F27AB5BC0000E742B /* Project object */;
			proxyType = 1;
			remoteGlobalIDString = C4CD136627AB5BC0000E742B;
			remoteInfo = Joke_Papago_MVP;
		};
/* End PBXContainerItemProxy section */

/* Begin PBXFileReference section */
		C4CD136727AB5BC0000E742B /* Joke_Papago_MVP.app */ = {isa = PBXFileReference; explicitFileType = wrapper.application; includeInIndex = 0; path = Joke_Papago_MVP.app; sourceTree = BUILT_PRODUCTS_DIR; };
		C4CD136A27AB5BC0000E742B /* AppDelegate.swift */ = {isa = PBXFileReference; lastKnownFileType = sourcecode.swift; path = AppDelegate.swift; sourceTree = "<group>"; };
		C4CD136C27AB5BC0000E742B /* SceneDelegate.swift */ = {isa = PBXFileReference; lastKnownFileType = sourcecode.swift; path = SceneDelegate.swift; sourceTree = "<group>"; };
		C4CD136E27AB5BC0000E742B /* ViewController.swift */ = {isa = PBXFileReference; lastKnownFileType = sourcecode.swift; path = ViewController.swift; sourceTree = "<group>"; };
		C4CD137127AB5BC0000E742B /* Base */ = {isa = PBXFileReference; lastKnownFileType = file.storyboard; name = Base; path = Base.lproj/Main.storyboard; sourceTree = "<group>"; };
		C4CD137427AB5BC0000E742B /* Joke_Papago_MVP.xcdatamodel */ = {isa = PBXFileReference; lastKnownFileType = wrapper.xcdatamodel; path = Joke_Papago_MVP.xcdatamodel; sourceTree = "<group>"; };
		C4CD137627AB5BC5000E742B /* Assets.xcassets */ = {isa = PBXFileReference; lastKnownFileType = folder.assetcatalog; path = Assets.xcassets; sourceTree = "<group>"; };
		C4CD137927AB5BC5000E742B /* Base */ = {isa = PBXFileReference; lastKnownFileType = file.storyboard; name = Base; path = Base.lproj/LaunchScreen.storyboard; sourceTree = "<group>"; };
		C4CD137B27AB5BC5000E742B /* Info.plist */ = {isa = PBXFileReference; lastKnownFileType = text.plist.xml; path = Info.plist; sourceTree = "<group>"; };
		C4CD138027AB5BC5000E742B /* Joke_Papago_MVPTests.xctest */ = {isa = PBXFileReference; explicitFileType = wrapper.cfbundle; includeInIndex = 0; path = Joke_Papago_MVPTests.xctest; sourceTree = BUILT_PRODUCTS_DIR; };
		C4CD138427AB5BC5000E742B /* Joke_Papago_MVPTests.swift */ = {isa = PBXFileReference; lastKnownFileType = sourcecode.swift; path = Joke_Papago_MVPTests.swift; sourceTree = "<group>"; };
		C4CD138A27AB5BC5000E742B /* Joke_Papago_MVPUITests.xctest */ = {isa = PBXFileReference; explicitFileType = wrapper.cfbundle; includeInIndex = 0; path = Joke_Papago_MVPUITests.xctest; sourceTree = BUILT_PRODUCTS_DIR; };
		C4CD138E27AB5BC5000E742B /* Joke_Papago_MVPUITests.swift */ = {isa = PBXFileReference; lastKnownFileType = sourcecode.swift; path = Joke_Papago_MVPUITests.swift; sourceTree = "<group>"; };
		C4CD139027AB5BC5000E742B /* Joke_Papago_MVPUITestsLaunchTests.swift */ = {isa = PBXFileReference; lastKnownFileType = sourcecode.swift; path = Joke_Papago_MVPUITestsLaunchTests.swift; sourceTree = "<group>"; };
/* End PBXFileReference section */

/* Begin PBXFrameworksBuildPhase section */
		C4CD136427AB5BC0000E742B /* Frameworks */ = {
			isa = PBXFrameworksBuildPhase;
			buildActionMask = 2147483647;
			files = (
			);
			runOnlyForDeploymentPostprocessing = 0;
		};
		C4CD137D27AB5BC5000E742B /* Frameworks */ = {
			isa = PBXFrameworksBuildPhase;
			buildActionMask = 2147483647;
			files = (
			);
			runOnlyForDeploymentPostprocessing = 0;
		};
		C4CD138727AB5BC5000E742B /* Frameworks */ = {
			isa = PBXFrameworksBuildPhase;
			buildActionMask = 2147483647;
			files = (
			);
			runOnlyForDeploymentPostprocessing = 0;
		};
/* End PBXFrameworksBuildPhase section */

/* Begin PBXGroup section */
		C4CD135E27AB5BC0000E742B = {
			isa = PBXGroup;
			children = (
				C4CD136927AB5BC0000E742B /* Joke_Papago_MVP */,
				C4CD138327AB5BC5000E742B /* Joke_Papago_MVPTests */,
				C4CD138D27AB5BC5000E742B /* Joke_Papago_MVPUITests */,
				C4CD136827AB5BC0000E742B /* Products */,
			);
			sourceTree = "<group>";
		};
		C4CD136827AB5BC0000E742B /* Products */ = {
			isa = PBXGroup;
			children = (
				C4CD136727AB5BC0000E742B /* Joke_Papago_MVP.app */,
				C4CD138027AB5BC5000E742B /* Joke_Papago_MVPTests.xctest */,
				C4CD138A27AB5BC5000E742B /* Joke_Papago_MVPUITests.xctest */,
			);
			name = Products;
			sourceTree = "<group>";
		};
		C4CD136927AB5BC0000E742B /* Joke_Papago_MVP */ = {
			isa = PBXGroup;
			children = (
				C4CD136A27AB5BC0000E742B /* AppDelegate.swift */,
				C4CD136C27AB5BC0000E742B /* SceneDelegate.swift */,
				C4CD136E27AB5BC0000E742B /* ViewController.swift */,
				C4CD137027AB5BC0000E742B /* Main.storyboard */,
				C4CD137627AB5BC5000E742B /* Assets.xcassets */,
				C4CD137827AB5BC5000E742B /* LaunchScreen.storyboard */,
				C4CD137B27AB5BC5000E742B /* Info.plist */,
				C4CD137327AB5BC0000E742B /* Joke_Papago_MVP.xcdatamodeld */,
			);
			path = Joke_Papago_MVP;
			sourceTree = "<group>";
		};
		C4CD138327AB5BC5000E742B /* Joke_Papago_MVPTests */ = {
			isa = PBXGroup;
			children = (
				C4CD138427AB5BC5000E742B /* Joke_Papago_MVPTests.swift */,
			);
			path = Joke_Papago_MVPTests;
			sourceTree = "<group>";
		};
		C4CD138D27AB5BC5000E742B /* Joke_Papago_MVPUITests */ = {
			isa = PBXGroup;
			children = (
				C4CD138E27AB5BC5000E742B /* Joke_Papago_MVPUITests.swift */,
				C4CD139027AB5BC5000E742B /* Joke_Papago_MVPUITestsLaunchTests.swift */,
			);
			path = Joke_Papago_MVPUITests;
			sourceTree = "<group>";
		};
/* End PBXGroup section */

/* Begin PBXNativeTarget section */
		C4CD136627AB5BC0000E742B /* Joke_Papago_MVP */ = {
			isa = PBXNativeTarget;
			buildConfigurationList = C4CD139427AB5BC5000E742B /* Build configuration list for PBXNativeTarget "Joke_Papago_MVP" */;
			buildPhases = (
				C4CD136327AB5BC0000E742B /* Sources */,
				C4CD136427AB5BC0000E742B /* Frameworks */,
				C4CD136527AB5BC0000E742B /* Resources */,
			);
			buildRules = (
			);
			dependencies = (
			);
			name = Joke_Papago_MVP;
			productName = Joke_Papago_MVP;
			productReference = C4CD136727AB5BC0000E742B /* Joke_Papago_MVP.app */;
			productType = "com.apple.product-type.application";
		};
		C4CD137F27AB5BC5000E742B /* Joke_Papago_MVPTests */ = {
			isa = PBXNativeTarget;
			buildConfigurationList = C4CD139727AB5BC5000E742B /* Build configuration list for PBXNativeTarget "Joke_Papago_MVPTests" */;
			buildPhases = (
				C4CD137C27AB5BC5000E742B /* Sources */,
				C4CD137D27AB5BC5000E742B /* Frameworks */,
				C4CD137E27AB5BC5000E742B /* Resources */,
			);
			buildRules = (
			);
			dependencies = (
				C4CD138227AB5BC5000E742B /* PBXTargetDependency */,
			);
			name = Joke_Papago_MVPTests;
			productName = Joke_Papago_MVPTests;
			productReference = C4CD138027AB5BC5000E742B /* Joke_Papago_MVPTests.xctest */;
			productType = "com.apple.product-type.bundle.unit-test";
		};
		C4CD138927AB5BC5000E742B /* Joke_Papago_MVPUITests */ = {
			isa = PBXNativeTarget;
			buildConfigurationList = C4CD139A27AB5BC5000E742B /* Build configuration list for PBXNativeTarget "Joke_Papago_MVPUITests" */;
			buildPhases = (
				C4CD138627AB5BC5000E742B /* Sources */,
				C4CD138727AB5BC5000E742B /* Frameworks */,
				C4CD138827AB5BC5000E742B /* Resources */,
			);
			buildRules = (
			);
			dependencies = (
				C4CD138C27AB5BC5000E742B /* PBXTargetDependency */,
			);
			name = Joke_Papago_MVPUITests;
			productName = Joke_Papago_MVPUITests;
			productReference = C4CD138A27AB5BC5000E742B /* Joke_Papago_MVPUITests.xctest */;
			productType = "com.apple.product-type.bundle.ui-testing";
		};
/* End PBXNativeTarget section */

/* Begin PBXProject section */
		C4CD135F27AB5BC0000E742B /* Project object */ = {
			isa = PBXProject;
			attributes = {
				BuildIndependentTargetsInParallel = 1;
				LastSwiftUpdateCheck = 1320;
				LastUpgradeCheck = 1320;
				TargetAttributes = {
					C4CD136627AB5BC0000E742B = {
						CreatedOnToolsVersion = 13.2.1;
					};
					C4CD137F27AB5BC5000E742B = {
						CreatedOnToolsVersion = 13.2.1;
						TestTargetID = C4CD136627AB5BC0000E742B;
					};
					C4CD138927AB5BC5000E742B = {
						CreatedOnToolsVersion = 13.2.1;
						TestTargetID = C4CD136627AB5BC0000E742B;
					};
				};
			};
			buildConfigurationList = C4CD136227AB5BC0000E742B /* Build configuration list for PBXProject "Joke_Papago_MVP" */;
			compatibilityVersion = "Xcode 13.0";
			developmentRegion = en;
			hasScannedForEncodings = 0;
			knownRegions = (
				en,
				Base,
			);
			mainGroup = C4CD135E27AB5BC0000E742B;
			productRefGroup = C4CD136827AB5BC0000E742B /* Products */;
			projectDirPath = "";
			projectRoot = "";
			targets = (
				C4CD136627AB5BC0000E742B /* Joke_Papago_MVP */,
				C4CD137F27AB5BC5000E742B /* Joke_Papago_MVPTests */,
				C4CD138927AB5BC5000E742B /* Joke_Papago_MVPUITests */,
			);
		};
/* End PBXProject section */

/* Begin PBXResourcesBuildPhase section */
		C4CD136527AB5BC0000E742B /* Resources */ = {
			isa = PBXResourcesBuildPhase;
			buildActionMask = 2147483647;
			files = (
				C4CD137A27AB5BC5000E742B /* LaunchScreen.storyboard in Resources */,
				C4CD137727AB5BC5000E742B /* Assets.xcassets in Resources */,
				C4CD137227AB5BC0000E742B /* Main.storyboard in Resources */,
			);
			runOnlyForDeploymentPostprocessing = 0;
		};
		C4CD137E27AB5BC5000E742B /* Resources */ = {
			isa = PBXResourcesBuildPhase;
			buildActionMask = 2147483647;
			files = (
			);
			runOnlyForDeploymentPostprocessing = 0;
		};
		C4CD138827AB5BC5000E742B /* Resources */ = {
			isa = PBXResourcesBuildPhase;
			buildActionMask = 2147483647;
			files = (
			);
			runOnlyForDeploymentPostprocessing = 0;
		};
/* End PBXResourcesBuildPhase section */

/* Begin PBXSourcesBuildPhase section */
		C4CD136327AB5BC0000E742B /* Sources */ = {
			isa = PBXSourcesBuildPhase;
			buildActionMask = 2147483647;
			files = (
				C4CD136F27AB5BC0000E742B /* ViewController.swift in Sources */,
				C4CD136B27AB5BC0000E742B /* AppDelegate.swift in Sources */,
				C4CD137527AB5BC0000E742B /* Joke_Papago_MVP.xcdatamodeld in Sources */,
				C4CD136D27AB5BC0000E742B /* SceneDelegate.swift in Sources */,
			);
			runOnlyForDeploymentPostprocessing = 0;
		};
		C4CD137C27AB5BC5000E742B /* Sources */ = {
			isa = PBXSourcesBuildPhase;
			buildActionMask = 2147483647;
			files = (
				C4CD138527AB5BC5000E742B /* Joke_Papago_MVPTests.swift in Sources */,
			);
			runOnlyForDeploymentPostprocessing = 0;
		};
		C4CD138627AB5BC5000E742B /* Sources */ = {
			isa = PBXSourcesBuildPhase;
			buildActionMask = 2147483647;
			files = (
				C4CD138F27AB5BC5000E742B /* Joke_Papago_MVPUITests.swift in Sources */,
				C4CD139127AB5BC5000E742B /* Joke_Papago_MVPUITestsLaunchTests.swift in Sources */,
			);
			runOnlyForDeploymentPostprocessing = 0;
		};
/* End PBXSourcesBuildPhase section */

/* Begin PBXTargetDependency section */
		C4CD138227AB5BC5000E742B /* PBXTargetDependency */ = {
			isa = PBXTargetDependency;
			target = C4CD136627AB5BC0000E742B /* Joke_Papago_MVP */;
			targetProxy = C4CD138127AB5BC5000E742B /* PBXContainerItemProxy */;
		};
		C4CD138C27AB5BC5000E742B /* PBXTargetDependency */ = {
			isa = PBXTargetDependency;
			target = C4CD136627AB5BC0000E742B /* Joke_Papago_MVP */;
			targetProxy = C4CD138B27AB5BC5000E742B /* PBXContainerItemProxy */;
		};
/* End PBXTargetDependency section */

/* Begin PBXVariantGroup section */
		C4CD137027AB5BC0000E742B /* Main.storyboard */ = {
			isa = PBXVariantGroup;
			children = (
				C4CD137127AB5BC0000E742B /* Base */,
			);
			name = Main.storyboard;
			sourceTree = "<group>";
		};
		C4CD137827AB5BC5000E742B /* LaunchScreen.storyboard */ = {
			isa = PBXVariantGroup;
			children = (
				C4CD137927AB5BC5000E742B /* Base */,
			);
			name = LaunchScreen.storyboard;
			sourceTree = "<group>";
		};
/* End PBXVariantGroup section */

/* Begin XCBuildConfiguration section */
		C4CD139227AB5BC5000E742B /* Debug */ = {
			isa = XCBuildConfiguration;
			buildSettings = {
				ALWAYS_SEARCH_USER_PATHS = NO;
				CLANG_ANALYZER_NONNULL = YES;
				CLANG_ANALYZER_NUMBER_OBJECT_CONVERSION = YES_AGGRESSIVE;
				CLANG_CXX_LANGUAGE_STANDARD = "gnu++17";
				CLANG_CXX_LIBRARY = "libc++";
				CLANG_ENABLE_MODULES = YES;
				CLANG_ENABLE_OBJC_ARC = YES;
				CLANG_ENABLE_OBJC_WEAK = YES;
				CLANG_WARN_BLOCK_CAPTURE_AUTORELEASING = YES;
				CLANG_WARN_BOOL_CONVERSION = YES;
				CLANG_WARN_COMMA = YES;
				CLANG_WARN_CONSTANT_CONVERSION = YES;
				CLANG_WARN_DEPRECATED_OBJC_IMPLEMENTATIONS = YES;
				CLANG_WARN_DIRECT_OBJC_ISA_USAGE = YES_ERROR;
				CLANG_WARN_DOCUMENTATION_COMMENTS = YES;
				CLANG_WARN_EMPTY_BODY = YES;
				CLANG_WARN_ENUM_CONVERSION = YES;
				CLANG_WARN_INFINITE_RECURSION = YES;
				CLANG_WARN_INT_CONVERSION = YES;
				CLANG_WARN_NON_LITERAL_NULL_CONVERSION = YES;
				CLANG_WARN_OBJC_IMPLICIT_RETAIN_SELF = YES;
				CLANG_WARN_OBJC_LITERAL_CONVERSION = YES;
				CLANG_WARN_OBJC_ROOT_CLASS = YES_ERROR;
				CLANG_WARN_QUOTED_INCLUDE_IN_FRAMEWORK_HEADER = YES;
				CLANG_WARN_RANGE_LOOP_ANALYSIS = YES;
				CLANG_WARN_STRICT_PROTOTYPES = YES;
				CLANG_WARN_SUSPICIOUS_MOVE = YES;
				CLANG_WARN_UNGUARDED_AVAILABILITY = YES_AGGRESSIVE;
				CLANG_WARN_UNREACHABLE_CODE = YES;
				CLANG_WARN__DUPLICATE_METHOD_MATCH = YES;
				COPY_PHASE_STRIP = NO;
				DEBUG_INFORMATION_FORMAT = dwarf;
				ENABLE_STRICT_OBJC_MSGSEND = YES;
				ENABLE_TESTABILITY = YES;
				GCC_C_LANGUAGE_STANDARD = gnu11;
				GCC_DYNAMIC_NO_PIC = NO;
				GCC_NO_COMMON_BLOCKS = YES;
				GCC_OPTIMIZATION_LEVEL = 0;
				GCC_PREPROCESSOR_DEFINITIONS = (
					"DEBUG=1",
					"$(inherited)",
				);
				GCC_WARN_64_TO_32_BIT_CONVERSION = YES;
				GCC_WARN_ABOUT_RETURN_TYPE = YES_ERROR;
				GCC_WARN_UNDECLARED_SELECTOR = YES;
				GCC_WARN_UNINITIALIZED_AUTOS = YES_AGGRESSIVE;
				GCC_WARN_UNUSED_FUNCTION = YES;
				GCC_WARN_UNUSED_VARIABLE = YES;
				IPHONEOS_DEPLOYMENT_TARGET = 15.2;
				MTL_ENABLE_DEBUG_INFO = INCLUDE_SOURCE;
				MTL_FAST_MATH = YES;
				ONLY_ACTIVE_ARCH = YES;
				SDKROOT = iphoneos;
				SWIFT_ACTIVE_COMPILATION_CONDITIONS = DEBUG;
				SWIFT_OPTIMIZATION_LEVEL = "-Onone";
			};
			name = Debug;
		};
		C4CD139327AB5BC5000E742B /* Release */ = {
			isa = XCBuildConfiguration;
			buildSettings = {
				ALWAYS_SEARCH_USER_PATHS = NO;
				CLANG_ANALYZER_NONNULL = YES;
				CLANG_ANALYZER_NUMBER_OBJECT_CONVERSION = YES_AGGRESSIVE;
				CLANG_CXX_LANGUAGE_STANDARD = "gnu++17";
				CLANG_CXX_LIBRARY = "libc++";
				CLANG_ENABLE_MODULES = YES;
				CLANG_ENABLE_OBJC_ARC = YES;
				CLANG_ENABLE_OBJC_WEAK = YES;
				CLANG_WARN_BLOCK_CAPTURE_AUTORELEASING = YES;
				CLANG_WARN_BOOL_CONVERSION = YES;
				CLANG_WARN_COMMA = YES;
				CLANG_WARN_CONSTANT_CONVERSION = YES;
				CLANG_WARN_DEPRECATED_OBJC_IMPLEMENTATIONS = YES;
				CLANG_WARN_DIRECT_OBJC_ISA_USAGE = YES_ERROR;
				CLANG_WARN_DOCUMENTATION_COMMENTS = YES;
				CLANG_WARN_EMPTY_BODY = YES;
				CLANG_WARN_ENUM_CONVERSION = YES;
				CLANG_WARN_INFINITE_RECURSION = YES;
				CLANG_WARN_INT_CONVERSION = YES;
				CLANG_WARN_NON_LITERAL_NULL_CONVERSION = YES;
				CLANG_WARN_OBJC_IMPLICIT_RETAIN_SELF = YES;
				CLANG_WARN_OBJC_LITERAL_CONVERSION = YES;
				CLANG_WARN_OBJC_ROOT_CLASS = YES_ERROR;
				CLANG_WARN_QUOTED_INCLUDE_IN_FRAMEWORK_HEADER = YES;
				CLANG_WARN_RANGE_LOOP_ANALYSIS = YES;
				CLANG_WARN_STRICT_PROTOTYPES = YES;
				CLANG_WARN_SUSPICIOUS_MOVE = YES;
				CLANG_WARN_UNGUARDED_AVAILABILITY = YES_AGGRESSIVE;
				CLANG_WARN_UNREACHABLE_CODE = YES;
				CLANG_WARN__DUPLICATE_METHOD_MATCH = YES;
				COPY_PHASE_STRIP = NO;
				DEBUG_INFORMATION_FORMAT = "dwarf-with-dsym";
				ENABLE_NS_ASSERTIONS = NO;
				ENABLE_STRICT_OBJC_MSGSEND = YES;
				GCC_C_LANGUAGE_STANDARD = gnu11;
				GCC_NO_COMMON_BLOCKS = YES;
				GCC_WARN_64_TO_32_BIT_CONVERSION = YES;
				GCC_WARN_ABOUT_RETURN_TYPE = YES_ERROR;
				GCC_WARN_UNDECLARED_SELECTOR = YES;
				GCC_WARN_UNINITIALIZED_AUTOS = YES_AGGRESSIVE;
				GCC_WARN_UNUSED_FUNCTION = YES;
				GCC_WARN_UNUSED_VARIABLE = YES;
				IPHONEOS_DEPLOYMENT_TARGET = 15.2;
				MTL_ENABLE_DEBUG_INFO = NO;
				MTL_FAST_MATH = YES;
				SDKROOT = iphoneos;
				SWIFT_COMPILATION_MODE = wholemodule;
				SWIFT_OPTIMIZATION_LEVEL = "-O";
				VALIDATE_PRODUCT = YES;
			};
			name = Release;
		};
		C4CD139527AB5BC5000E742B /* Debug */ = {
			isa = XCBuildConfiguration;
			buildSettings = {
				ASSETCATALOG_COMPILER_APPICON_NAME = AppIcon;
				ASSETCATALOG_COMPILER_GLOBAL_ACCENT_COLOR_NAME = AccentColor;
				CODE_SIGN_STYLE = Automatic;
				CURRENT_PROJECT_VERSION = 1;
				GENERATE_INFOPLIST_FILE = YES;
				INFOPLIST_FILE = Joke_Papago_MVP/Info.plist;
				INFOPLIST_KEY_UIApplicationSupportsIndirectInputEvents = YES;
				INFOPLIST_KEY_UILaunchStoryboardName = LaunchScreen;
				INFOPLIST_KEY_UIMainStoryboardFile = Main;
				INFOPLIST_KEY_UISupportedInterfaceOrientations_iPad = "UIInterfaceOrientationPortrait UIInterfaceOrientationPortraitUpsideDown UIInterfaceOrientationLandscapeLeft UIInterfaceOrientationLandscapeRight";
				INFOPLIST_KEY_UISupportedInterfaceOrientations_iPhone = "UIInterfaceOrientationPortrait UIInterfaceOrientationLandscapeLeft UIInterfaceOrientationLandscapeRight";
				LD_RUNPATH_SEARCH_PATHS = (
					"$(inherited)",
					"@executable_path/Frameworks",
				);
				MARKETING_VERSION = 1.0;
				PRODUCT_BUNDLE_IDENTIFIER = "Bard.Joke-Papago-MVP";
				PRODUCT_NAME = "$(TARGET_NAME)";
				SWIFT_EMIT_LOC_STRINGS = YES;
				SWIFT_VERSION = 5.0;
				TARGETED_DEVICE_FAMILY = "1,2";
			};
			name = Debug;
		};
		C4CD139627AB5BC5000E742B /* Release */ = {
			isa = XCBuildConfiguration;
			buildSettings = {
				ASSETCATALOG_COMPILER_APPICON_NAME = AppIcon;
				ASSETCATALOG_COMPILER_GLOBAL_ACCENT_COLOR_NAME = AccentColor;
				CODE_SIGN_STYLE = Automatic;
				CURRENT_PROJECT_VERSION = 1;
				GENERATE_INFOPLIST_FILE = YES;
				INFOPLIST_FILE = Joke_Papago_MVP/Info.plist;
				INFOPLIST_KEY_UIApplicationSupportsIndirectInputEvents = YES;
				INFOPLIST_KEY_UILaunchStoryboardName = LaunchScreen;
				INFOPLIST_KEY_UIMainStoryboardFile = Main;
				INFOPLIST_KEY_UISupportedInterfaceOrientations_iPad = "UIInterfaceOrientationPortrait UIInterfaceOrientationPortraitUpsideDown UIInterfaceOrientationLandscapeLeft UIInterfaceOrientationLandscapeRight";
				INFOPLIST_KEY_UISupportedInterfaceOrientations_iPhone = "UIInterfaceOrientationPortrait UIInterfaceOrientationLandscapeLeft UIInterfaceOrientationLandscapeRight";
				LD_RUNPATH_SEARCH_PATHS = (
					"$(inherited)",
					"@executable_path/Frameworks",
				);
				MARKETING_VERSION = 1.0;
				PRODUCT_BUNDLE_IDENTIFIER = "Bard.Joke-Papago-MVP";
				PRODUCT_NAME = "$(TARGET_NAME)";
				SWIFT_EMIT_LOC_STRINGS = YES;
				SWIFT_VERSION = 5.0;
				TARGETED_DEVICE_FAMILY = "1,2";
			};
			name = Release;
		};
		C4CD139827AB5BC5000E742B /* Debug */ = {
			isa = XCBuildConfiguration;
			buildSettings = {
				ALWAYS_EMBED_SWIFT_STANDARD_LIBRARIES = YES;
				BUNDLE_LOADER = "$(TEST_HOST)";
				CODE_SIGN_STYLE = Automatic;
				CURRENT_PROJECT_VERSION = 1;
				GENERATE_INFOPLIST_FILE = YES;
				IPHONEOS_DEPLOYMENT_TARGET = 15.2;
				MARKETING_VERSION = 1.0;
				PRODUCT_BUNDLE_IDENTIFIER = "Bard.Joke-Papago-MVPTests";
				PRODUCT_NAME = "$(TARGET_NAME)";
				SWIFT_EMIT_LOC_STRINGS = NO;
				SWIFT_VERSION = 5.0;
				TARGETED_DEVICE_FAMILY = "1,2";
				TEST_HOST = "$(BUILT_PRODUCTS_DIR)/Joke_Papago_MVP.app/Joke_Papago_MVP";
			};
			name = Debug;
		};
		C4CD139927AB5BC5000E742B /* Release */ = {
			isa = XCBuildConfiguration;
			buildSettings = {
				ALWAYS_EMBED_SWIFT_STANDARD_LIBRARIES = YES;
				BUNDLE_LOADER = "$(TEST_HOST)";
				CODE_SIGN_STYLE = Automatic;
				CURRENT_PROJECT_VERSION = 1;
				GENERATE_INFOPLIST_FILE = YES;
				IPHONEOS_DEPLOYMENT_TARGET = 15.2;
				MARKETING_VERSION = 1.0;
				PRODUCT_BUNDLE_IDENTIFIER = "Bard.Joke-Papago-MVPTests";
				PRODUCT_NAME = "$(TARGET_NAME)";
				SWIFT_EMIT_LOC_STRINGS = NO;
				SWIFT_VERSION = 5.0;
				TARGETED_DEVICE_FAMILY = "1,2";
				TEST_HOST = "$(BUILT_PRODUCTS_DIR)/Joke_Papago_MVP.app/Joke_Papago_MVP";
			};
			name = Release;
		};
		C4CD139B27AB5BC5000E742B /* Debug */ = {
			isa = XCBuildConfiguration;
			buildSettings = {
				ALWAYS_EMBED_SWIFT_STANDARD_LIBRARIES = YES;
				CODE_SIGN_STYLE = Automatic;
				CURRENT_PROJECT_VERSION = 1;
				GENERATE_INFOPLIST_FILE = YES;
				MARKETING_VERSION = 1.0;
				PRODUCT_BUNDLE_IDENTIFIER = "Bard.Joke-Papago-MVPUITests";
				PRODUCT_NAME = "$(TARGET_NAME)";
				SWIFT_EMIT_LOC_STRINGS = NO;
				SWIFT_VERSION = 5.0;
				TARGETED_DEVICE_FAMILY = "1,2";
				TEST_TARGET_NAME = Joke_Papago_MVP;
			};
			name = Debug;
		};
		C4CD139C27AB5BC5000E742B /* Release */ = {
			isa = XCBuildConfiguration;
			buildSettings = {
				ALWAYS_EMBED_SWIFT_STANDARD_LIBRARIES = YES;
				CODE_SIGN_STYLE = Automatic;
				CURRENT_PROJECT_VERSION = 1;
				GENERATE_INFOPLIST_FILE = YES;
				MARKETING_VERSION = 1.0;
				PRODUCT_BUNDLE_IDENTIFIER = "Bard.Joke-Papago-MVPUITests";
				PRODUCT_NAME = "$(TARGET_NAME)";
				SWIFT_EMIT_LOC_STRINGS = NO;
				SWIFT_VERSION = 5.0;
				TARGETED_DEVICE_FAMILY = "1,2";
				TEST_TARGET_NAME = Joke_Papago_MVP;
			};
			name = Release;
		};
/* End XCBuildConfiguration section */

/* Begin XCConfigurationList section */
		C4CD136227AB5BC0000E742B /* Build configuration list for PBXProject "Joke_Papago_MVP" */ = {
			isa = XCConfigurationList;
			buildConfigurations = (
				C4CD139227AB5BC5000E742B /* Debug */,
				C4CD139327AB5BC5000E742B /* Release */,
			);
			defaultConfigurationIsVisible = 0;
			defaultConfigurationName = Release;
		};
		C4CD139427AB5BC5000E742B /* Build configuration list for PBXNativeTarget "Joke_Papago_MVP" */ = {
			isa = XCConfigurationList;
			buildConfigurations = (
				C4CD139527AB5BC5000E742B /* Debug */,
				C4CD139627AB5BC5000E742B /* Release */,
			);
			defaultConfigurationIsVisible = 0;
			defaultConfigurationName = Release;
		};
		C4CD139727AB5BC5000E742B /* Build configuration list for PBXNativeTarget "Joke_Papago_MVPTests" */ = {
			isa = XCConfigurationList;
			buildConfigurations = (
				C4CD139827AB5BC5000E742B /* Debug */,
				C4CD139927AB5BC5000E742B /* Release */,
			);
			defaultConfigurationIsVisible = 0;
			defaultConfigurationName = Release;
		};
		C4CD139A27AB5BC5000E742B /* Build configuration list for PBXNativeTarget "Joke_Papago_MVPUITests" */ = {
			isa = XCConfigurationList;
			buildConfigurations = (
				C4CD139B27AB5BC5000E742B /* Debug */,
				C4CD139C27AB5BC5000E742B /* Release */,
			);
			defaultConfigurationIsVisible = 0;
			defaultConfigurationName = Release;
		};
/* End XCConfigurationList section */

/* Begin XCVersionGroup section */
		C4CD137327AB5BC0000E742B /* Joke_Papago_MVP.xcdatamodeld */ = {
			isa = XCVersionGroup;
			children = (
				C4CD137427AB5BC0000E742B /* Joke_Papago_MVP.xcdatamodel */,
			);
			currentVersion = C4CD137427AB5BC0000E742B /* Joke_Papago_MVP.xcdatamodel */;
			path = Joke_Papago_MVP.xcdatamodeld;
			sourceTree = "<group>";
			versionGroupType = wrapper.xcdatamodel;
		};
/* End XCVersionGroup section */
	};
	rootObject = C4CD135F27AB5BC0000E742B /* Project object */;
}
